
Microsoft Visual Studio Solution File, Format Version 12.00
# Visual Studio Version 17
VisualStudioVersion = 17.4.33110.190
MinimumVisualStudioVersion = 10.0.40219.1
Project("{FAE04EC0-301F-11D3-BF4B-00C04F79EFBC}") = "WebApplication4", "WebApplication4\WebApplication4.csproj", "{F2E6C049-FD2F-4023-A18C-63514FDDE0FB}"
EndProject
Global
	GlobalSection(SolutionConfigurationPlatforms) = preSolution
		Debug|Any CPU = Debug|Any CPU
		Release|Any CPU = Release|Any CPU
	EndGlobalSection
	GlobalSection(ProjectConfigurationPlatforms) = postSolution
		{F2E6C049-FD2F-4023-A18C-63514FDDE0FB}.Debug|Any CPU.ActiveCfg = Debug|Any CPU
		{F2E6C049-FD2F-4023-A18C-63514FDDE0FB}.Debug|Any CPU.Build.0 = Debug|Any CPU
		{F2E6C049-FD2F-4023-A18C-63514FDDE0FB}.Release|Any CPU.ActiveCfg = Release|Any CPU
		{F2E6C049-FD2F-4023-A18C-63514FDDE0FB}.Release|Any CPU.Build.0 = Release|Any CPU
	EndGlobalSection
	GlobalSection(SolutionProperties) = preSolution
		HideSolutionNode = FALSE
	EndGlobalSection
	GlobalSection(ExtensibilityGlobals) = postSolution
		SolutionGuid = {302DA8AA-3F7E-44C4-B476-CD34B6D39AB8}
	EndGlobalSection
EndGlobal
